
Microsoft Visual Studio Solution File, Format Version 12.00
# Visual Studio 15
VisualStudioVersion = 15.0.27130.2010
MinimumVisualStudioVersion = 10.0.40219.1
Project("{888888A0-9F3D-457C-B088-3A5042F75D52}") = "CrawlerNetMusic", "CrawlerNetMusic\CrawlerNetMusic.pyproj", "{0F9CAD82-2FD2-423C-AE5F-B48BD86F5559}"
EndProject
Project("{888888A0-9F3D-457C-B088-3A5042F75D52}") = "TestingGuba", "TestingGuba\TestingGuba.pyproj", "{4F53BFB7-FDDA-4A7B-9042-D2A187D6C132}"
EndProject
Global
	GlobalSection(SolutionConfigurationPlatforms) = preSolution
		Debug|Any CPU = Debug|Any CPU
		Release|Any CPU = Release|Any CPU
	EndGlobalSection
	GlobalSection(ProjectConfigurationPlatforms) = postSolution
		{0F9CAD82-2FD2-423C-AE5F-B48BD86F5559}.Debug|Any CPU.ActiveCfg = Debug|Any CPU
		{0F9CAD82-2FD2-423C-AE5F-B48BD86F5559}.Release|Any CPU.ActiveCfg = Release|Any CPU
		{4F53BFB7-FDDA-4A7B-9042-D2A187D6C132}.Debug|Any CPU.ActiveCfg = Debug|Any CPU
		{4F53BFB7-FDDA-4A7B-9042-D2A187D6C132}.Release|Any CPU.ActiveCfg = Release|Any CPU
	EndGlobalSection
	GlobalSection(SolutionProperties) = preSolution
		HideSolutionNode = FALSE
	EndGlobalSection
	GlobalSection(ExtensibilityGlobals) = postSolution
		SolutionGuid = {B7012E35-A4CF-4FB5-B19A-8B37F11C4D6A}
	EndGlobalSection
EndGlobal
